
Microsoft Visual Studio Solution File, Format Version 12.00
# Visual Studio Version 16
VisualStudioVersion = 16.0.31112.23
MinimumVisualStudioVersion = 10.0.40219.1
Project("{9A19103F-16F7-4668-BE54-9A1E7A4F7556}") = "OrderApp", "OrderApp\OrderApp.csproj", "{93D6FBF2-E11D-4397-B86D-C9F5A4E8ACBB}"
EndProject
Project("{9A19103F-16F7-4668-BE54-9A1E7A4F7556}") = "OrderApp.D", "OrderApp.DAL\OrderApp.D.csproj", "{A094F2C7-B9E4-4B02-A5B7-08EFD9729A1F}"
EndProject
Project("{9A19103F-16F7-4668-BE54-9A1E7A4F7556}") = "OrderApp.EF", "OrderApp.EF\OrderApp.EF.csproj", "{48A767D4-0941-49A9-8B92-38B623F30EC9}"
EndProject
Global
	GlobalSection(SolutionConfigurationPlatforms) = preSolution
		Debug|Any CPU = Debug|Any CPU
		Release|Any CPU = Release|Any CPU
	EndGlobalSection
	GlobalSection(ProjectConfigurationPlatforms) = postSolution
		{93D6FBF2-E11D-4397-B86D-C9F5A4E8ACBB}.Debug|Any CPU.ActiveCfg = Debug|Any CPU
		{93D6FBF2-E11D-4397-B86D-C9F5A4E8ACBB}.Debug|Any CPU.Build.0 = Debug|Any CPU
		{93D6FBF2-E11D-4397-B86D-C9F5A4E8ACBB}.Release|Any CPU.ActiveCfg = Release|Any CPU
		{93D6FBF2-E11D-4397-B86D-C9F5A4E8ACBB}.Release|Any CPU.Build.0 = Release|Any CPU
		{A094F2C7-B9E4-4B02-A5B7-08EFD9729A1F}.Debug|Any CPU.ActiveCfg = Debug|Any CPU
		{A094F2C7-B9E4-4B02-A5B7-08EFD9729A1F}.Debug|Any CPU.Build.0 = Debug|Any CPU
		{A094F2C7-B9E4-4B02-A5B7-08EFD9729A1F}.Release|Any CPU.ActiveCfg = Release|Any CPU
		{A094F2C7-B9E4-4B02-A5B7-08EFD9729A1F}.Release|Any CPU.Build.0 = Release|Any CPU
		{48A767D4-0941-49A9-8B92-38B623F30EC9}.Debug|Any CPU.ActiveCfg = Debug|Any CPU
		{48A767D4-0941-49A9-8B92-38B623F30EC9}.Debug|Any CPU.Build.0 = Debug|Any CPU
		{48A767D4-0941-49A9-8B92-38B623F30EC9}.Release|Any CPU.ActiveCfg = Release|Any CPU
		{48A767D4-0941-49A9-8B92-38B623F30EC9}.Release|Any CPU.Build.0 = Release|Any CPU
	EndGlobalSection
	GlobalSection(SolutionProperties) = preSolution
		HideSolutionNode = FALSE
	EndGlobalSection
	GlobalSection(ExtensibilityGlobals) = postSolution
		SolutionGuid = {248BBD3A-DD69-4038-819E-C2786BD4DFD5}
	EndGlobalSection
EndGlobal
